
Microsoft Visual Studio Solution File, Format Version 12.00
# Visual Studio 15
VisualStudioVersion = 15.0.28307.1145
MinimumVisualStudioVersion = 10.0.40219.1
Project("{FAE04EC0-301F-11D3-BF4B-00C04F79EFBC}") = "Phasmophobia Helper App", "Phasmophobia Helper App\Phasmophobia Helper App.csproj", "{1BA8F9CC-EA6C-4BA5-9F59-272DF78CCA85}"
EndProject
Global
	GlobalSection(SolutionConfigurationPlatforms) = preSolution
		Debug|Any CPU = Debug|Any CPU
		Release|Any CPU = Release|Any CPU
	EndGlobalSection
	GlobalSection(ProjectConfigurationPlatforms) = postSolution
		{1BA8F9CC-EA6C-4BA5-9F59-272DF78CCA85}.Debug|Any CPU.ActiveCfg = Debug|Any CPU
		{1BA8F9CC-EA6C-4BA5-9F59-272DF78CCA85}.Debug|Any CPU.Build.0 = Debug|Any CPU
		{1BA8F9CC-EA6C-4BA5-9F59-272DF78CCA85}.Release|Any CPU.ActiveCfg = Release|Any CPU
		{1BA8F9CC-EA6C-4BA5-9F59-272DF78CCA85}.Release|Any CPU.Build.0 = Release|Any CPU
	EndGlobalSection
	GlobalSection(SolutionProperties) = preSolution
		HideSolutionNode = FALSE
	EndGlobalSection
	GlobalSection(ExtensibilityGlobals) = postSolution
		SolutionGuid = {C1C4DD29-AD83-4395-93F6-94E08E7928BB}
	EndGlobalSection
EndGlobal
